PODS:
  - MRJTabBarViewController (0.3.0)

DEPENDENCIES:
  - MRJTabBarViewController (from `../`)

EXTERNAL SOURCES:
  MRJTabBarViewController:
    :path: ../

SPEC CHECKSUMS:
  MRJTabBarViewController: 66a1456770a699b2dd661ccc733d50dc1159f10e

PODFILE CHECKSUM: d9f5e01e7d9fe7c23806195fd6ad71c1bf09b27b

COCOAPODS: 1.3.1
